// !$*UTF8*$!
{
	archiveVersion = 1;
	classes = {
	};
	objectVersion = 48;
	objects = {

/* Begin PBXBuildFile section */
		5073DAD5201D3A7700E6B89B /* AUSegueFade.swift in Sources */ = {isa = PBXBuildFile; fileRef = 5073DAD4201D3A7700E6B89B /* AUSegueFade.swift */; };
		5073DAD8201D3BE900E6B89B /* AUSegueFadeUnwind.swift in Sources */ = {isa = PBXBuildFile; fileRef = 5073DAD7201D3BE900E6B89B /* AUSegueFadeUnwind.swift */; };
		50B9DE29200A4DA600583114 /* AppDelegate.swift in Sources */ = {isa = PBXBuildFile; fileRef = 50B9DE28200A4DA600583114 /* AppDelegate.swift */; };
		50B9DE2B200A4DA600583114 /* MainViewController.swift in Sources */ = {isa = PBXBuildFile; fileRef = 50B9DE2A200A4DA600583114 /* MainViewController.swift */; };
		50B9DE2E200A4DA600583114 /* Main.storyboard in Resources */ = {isa = PBXBuildFile; fileRef = 50B9DE2C200A4DA600583114 /* Main.storyboard */; };
		50B9DE30200A4DA600583114 /* Assets.xcassets in Resources */ = {isa = PBXBuildFile; fileRef = 50B9DE2F200A4DA600583114 /* Assets.xcassets */; };
		50B9DE33200A4DA600583114 /* LaunchScreen.storyboard in Resources */ = {isa = PBXBuildFile; fileRef = 50B9DE31200A4DA600583114 /* LaunchScreen.storyboard */; };
		50B9DE3F200A528E00583114 /* LoginViewController.swift in Sources */ = {isa = PBXBuildFile; fileRef = 50B9DE3E200A528E00583114 /* LoginViewController.swift */; };
		50E1F754201CDEAD00E8C1CF /* LoadingViewController.swift in Sources */ = {isa = PBXBuildFile; fileRef = 50E1F753201CDEAD00E8C1CF /* LoadingViewController.swift */; };
		50FB5541206E65D100E3CC0F /* AUAuthNavigator.swift in Sources */ = {isa = PBXBuildFile; fileRef = 50FB5540206E65D100E3CC0F /* AUAuthNavigator.swift */; };
/* End PBXBuildFile section */

/* Begin PBXFileReference section */
		5073DAD4201D3A7700E6B89B /* AUSegueFade.swift */ = {isa = PBXFileReference; lastKnownFileType = sourcecode.swift; path = AUSegueFade.swift; sourceTree = "<group>"; };
		5073DAD7201D3BE900E6B89B /* AUSegueFadeUnwind.swift */ = {isa = PBXFileReference; lastKnownFileType = sourcecode.swift; path = AUSegueFadeUnwind.swift; sourceTree = "<group>"; };
		50B9DE25200A4DA600583114 /* AuthDemo.app */ = {isa = PBXFileReference; explicitFileType = wrapper.application; includeInIndex = 0; path = AuthDemo.app; sourceTree = BUILT_PRODUCTS_DIR; };
		50B9DE28200A4DA600583114 /* AppDelegate.swift */ = {isa = PBXFileReference; lastKnownFileType = sourcecode.swift; path = AppDelegate.swift; sourceTree = "<group>"; };
		50B9DE2A200A4DA600583114 /* MainViewController.swift */ = {isa = PBXFileReference; lastKnownFileType = sourcecode.swift; path = MainViewController.swift; sourceTree = "<group>"; };
		50B9DE2D200A4DA600583114 /* Base */ = {isa = PBXFileReference; lastKnownFileType = file.storyboard; name = Base; path = Base.lproj/Main.storyboard; sourceTree = "<group>"; };
		50B9DE2F200A4DA600583114 /* Assets.xcassets */ = {isa = PBXFileReference; lastKnownFileType = folder.assetcatalog; path = Assets.xcassets; sourceTree = "<group>"; };
		50B9DE32200A4DA600583114 /* Base */ = {isa = PBXFileReference; lastKnownFileType = file.storyboard; name = Base; path = Base.lproj/LaunchScreen.storyboard; sourceTree = "<group>"; };
		50B9DE34200A4DA600583114 /* Info.plist */ = {isa = PBXFileReference; lastKnownFileType = text.plist.xml; path = Info.plist; sourceTree = "<group>"; };
		50B9DE3E200A528E00583114 /* LoginViewController.swift */ = {isa = PBXFileReference; lastKnownFileType = sourcecode.swift; path = LoginViewController.swift; sourceTree = "<group>"; };
		50E1F753201CDEAD00E8C1CF /* LoadingViewController.swift */ = {isa = PBXFileReference; lastKnownFileType = sourcecode.swift; path = LoadingViewController.swift; sourceTree = "<group>"; };
		50FB5540206E65D100E3CC0F /* AUAuthNavigator.swift */ = {isa = PBXFileReference; lastKnownFileType = sourcecode.swift; path = AUAuthNavigator.swift; sourceTree = "<group>"; };
/* End PBXFileReference section */

/* Begin PBXFrameworksBuildPhase section */
		50B9DE22200A4DA600583114 /* Frameworks */ = {
			isa = PBXFrameworksBuildPhase;
			buildActionMask = 2147483647;
			files = (
			);
			runOnlyForDeploymentPostprocessing = 0;
		};
/* End PBXFrameworksBuildPhase section */

/* Begin PBXGroup section */
		50B9DE1C200A4DA600583114 = {
			isa = PBXGroup;
			children = (
				50B9DE27200A4DA600583114 /* AuthDemo */,
				50B9DE26200A4DA600583114 /* Products */,
			);
			sourceTree = "<group>";
		};
		50B9DE26200A4DA600583114 /* Products */ = {
			isa = PBXGroup;
			children = (
				50B9DE25200A4DA600583114 /* AuthDemo.app */,
			);
			name = Products;
			sourceTree = "<group>";
		};
		50B9DE27200A4DA600583114 /* AuthDemo */ = {
			isa = PBXGroup;
			children = (
				50B9DE28200A4DA600583114 /* AppDelegate.swift */,
				50B9DE2A200A4DA600583114 /* MainViewController.swift */,
				50B9DE3E200A528E00583114 /* LoginViewController.swift */,
				50E1F753201CDEAD00E8C1CF /* LoadingViewController.swift */,
				50FB553F206E65B800E3CC0F /* AuthNavigation */,
				50B9DE2C200A4DA600583114 /* Main.storyboard */,
				50B9DE2F200A4DA600583114 /* Assets.xcassets */,
				50B9DE31200A4DA600583114 /* LaunchScreen.storyboard */,
				50B9DE34200A4DA600583114 /* Info.plist */,
			);
			path = AuthDemo;
			sourceTree = "<group>";
		};
		50FB553F206E65B800E3CC0F /* AuthNavigation */ = {
			isa = PBXGroup;
			children = (
				50FB5540206E65D100E3CC0F /* AUAuthNavigator.swift */,
				5073DAD4201D3A7700E6B89B /* AUSegueFade.swift */,
				5073DAD7201D3BE900E6B89B /* AUSegueFadeUnwind.swift */,
			);
			path = AuthNavigation;
			sourceTree = "<group>";
		};
/* End PBXGroup section */

/* Begin PBXNativeTarget section */
		50B9DE24200A4DA600583114 /* AuthDemo */ = {
			isa = PBXNativeTarget;
			buildConfigurationList = 50B9DE37200A4DA600583114 /* Build configuration list for PBXNativeTarget "AuthDemo" */;
			buildPhases = (
				50B9DE21200A4DA600583114 /* Sources */,
				50B9DE22200A4DA600583114 /* Frameworks */,
				50B9DE23200A4DA600583114 /* Resources */,
			);
			buildRules = (
			);
			dependencies = (
			);
			name = AuthDemo;
			productName = LoginOverlays;
			productReference = 50B9DE25200A4DA600583114 /* AuthDemo.app */;
			productType = "com.apple.product-type.application";
		};
/* End PBXNativeTarget section */

/* Begin PBXProject section */
		50B9DE1D200A4DA600583114 /* Project object */ = {
			isa = PBXProject;
			attributes = {
				LastSwiftUpdateCheck = 0920;
				LastUpgradeCheck = 0920;
				ORGANIZATIONNAME = "Pascal Braband";
				TargetAttributes = {
					50B9DE24200A4DA600583114 = {
						CreatedOnToolsVersion = 9.2;
						ProvisioningStyle = Automatic;
					};
				};
			};
			buildConfigurationList = 50B9DE20200A4DA600583114 /* Build configuration list for PBXProject "AuthDemo" */;
			compatibilityVersion = "Xcode 8.0";
			developmentRegion = en;
			hasScannedForEncodings = 0;
			knownRegions = (
				en,
				Base,
			);
			mainGroup = 50B9DE1C200A4DA600583114;
			productRefGroup = 50B9DE26200A4DA600583114 /* Products */;
			projectDirPath = "";
			projectRoot = "";
			targets = (
				50B9DE24200A4DA600583114 /* AuthDemo */,
			);
		};
/* End PBXProject section */

/* Begin PBXResourcesBuildPhase section */
		50B9DE23200A4DA600583114 /* Resources */ = {
			isa = PBXResourcesBuildPhase;
			buildActionMask = 2147483647;
			files = (
				50B9DE33200A4DA600583114 /* LaunchScreen.storyboard in Resources */,
				50B9DE30200A4DA600583114 /* Assets.xcassets in Resources */,
				50B9DE2E200A4DA600583114 /* Main.storyboard in Resources */,
			);
			runOnlyForDeploymentPostprocessing = 0;
		};
/* End PBXResourcesBuildPhase section */

/* Begin PBXSourcesBuildPhase section */
		50B9DE21200A4DA600583114 /* Sources */ = {
			isa = PBXSourcesBuildPhase;
			buildActionMask = 2147483647;
			files = (
				5073DAD8201D3BE900E6B89B /* AUSegueFadeUnwind.swift in Sources */,
				50B9DE2B200A4DA600583114 /* MainViewController.swift in Sources */,
				50FB5541206E65D100E3CC0F /* AUAuthNavigator.swift in Sources */,
				50E1F754201CDEAD00E8C1CF /* LoadingViewController.swift in Sources */,
				5073DAD5201D3A7700E6B89B /* AUSegueFade.swift in Sources */,
				50B9DE29200A4DA600583114 /* AppDelegate.swift in Sources */,
				50B9DE3F200A528E00583114 /* LoginViewController.swift in Sources */,
			);
			runOnlyForDeploymentPostprocessing = 0;
		};
/* End PBXSourcesBuildPhase section */

/* Begin PBXVariantGroup section */
		50B9DE2C200A4DA600583114 /* Main.storyboard */ = {
			isa = PBXVariantGroup;
			children = (
				50B9DE2D200A4DA600583114 /* Base */,
			);
			name = Main.storyboard;
			sourceTree = "<group>";
		};
		50B9DE31200A4DA600583114 /* LaunchScreen.storyboard */ = {
			isa = PBXVariantGroup;
			children = (
				50B9DE32200A4DA600583114 /* Base */,
			);
			name = LaunchScreen.storyboard;
			sourceTree = "<group>";
		};
/* End PBXVariantGroup section */

/* Begin XCBuildConfiguration section */
		50B9DE35200A4DA600583114 /* Debug */ = {
			isa = XCBuildConfiguration;
			buildSettings = {
				ALWAYS_SEARCH_USER_PATHS = NO;
				CLANG_ANALYZER_NONNULL = YES;
				CLANG_ANALYZER_NUMBER_OBJECT_CONVERSION = YES_AGGRESSIVE;
				CLANG_CXX_LANGUAGE_STANDARD = "gnu++14";
				CLANG_CXX_LIBRARY = "libc++";
				CLANG_ENABLE_MODULES = YES;
				CLANG_ENABLE_OBJC_ARC = YES;
				CLANG_WARN_BLOCK_CAPTURE_AUTORELEASING = YES;
				CLANG_WARN_BOOL_CONVERSION = YES;
				CLANG_WARN_COMMA = YES;
				CLANG_WARN_CONSTANT_CONVERSION = YES;
				CLANG_WARN_DIRECT_OBJC_ISA_USAGE = YES_ERROR;
				CLANG_WARN_DOCUMENTATION_COMMENTS = YES;
				CLANG_WARN_EMPTY_BODY = YES;
				CLANG_WARN_ENUM_CONVERSION = YES;
				CLANG_WARN_INFINITE_RECURSION = YES;
				CLANG_WARN_INT_CONVERSION = YES;
				CLANG_WARN_NON_LITERAL_NULL_CONVERSION = YES;
				CLANG_WARN_OBJC_LITERAL_CONVERSION = YES;
				CLANG_WARN_OBJC_ROOT_CLASS = YES_ERROR;
				CLANG_WARN_RANGE_LOOP_ANALYSIS = YES;
				CLANG_WARN_STRICT_PROTOTYPES = YES;
				CLANG_WARN_SUSPICIOUS_MOVE = YES;
				CLANG_WARN_UNGUARDED_AVAILABILITY = YES_AGGRESSIVE;
				CLANG_WARN_UNREACHABLE_CODE = YES;
				CLANG_WARN__DUPLICATE_METHOD_MATCH = YES;
				CODE_SIGN_IDENTITY = "iPhone Developer";
				COPY_PHASE_STRIP = NO;
				DEBUG_INFORMATION_FORMAT = dwarf;
				ENABLE_STRICT_OBJC_MSGSEND = YES;
				ENABLE_TESTABILITY = YES;
				GCC_C_LANGUAGE_STANDARD = gnu11;
				GCC_DYNAMIC_NO_PIC = NO;
				GCC_NO_COMMON_BLOCKS = YES;
				GCC_OPTIMIZATION_LEVEL = 0;
				GCC_PREPROCESSOR_DEFINITIONS = (
					"DEBUG=1",
					"$(inherited)",
				);
				GCC_WARN_64_TO_32_BIT_CONVERSION = YES;
				GCC_WARN_ABOUT_RETURN_TYPE = YES_ERROR;
				GCC_WARN_UNDECLARED_SELECTOR = YES;
				GCC_WARN_UNINITIALIZED_AUTOS = YES_AGGRESSIVE;
				GCC_WARN_UNUSED_FUNCTION = YES;
				GCC_WARN_UNUSED_VARIABLE = YES;
				IPHONEOS_DEPLOYMENT_TARGET = 11.2;
				MTL_ENABLE_DEBUG_INFO = YES;
				ONLY_ACTIVE_ARCH = YES;
				SDKROOT = iphoneos;
				SWIFT_ACTIVE_COMPILATION_CONDITIONS = DEBUG;
				SWIFT_OPTIMIZATION_LEVEL = "-Onone";
			};
			name = Debug;
		};
		50B9DE36200A4DA600583114 /* Release */ = {
			isa = XCBuildConfiguration;
			buildSettings = {
				ALWAYS_SEARCH_USER_PATHS = NO;
				CLANG_ANALYZER_NONNULL = YES;
				CLANG_ANALYZER_NUMBER_OBJECT_CONVERSION = YES_AGGRESSIVE;
				CLANG_CXX_LANGUAGE_STANDARD = "gnu++14";
				CLANG_CXX_LIBRARY = "libc++";
				CLANG_ENABLE_MODULES = YES;
				CLANG_ENABLE_OBJC_ARC = YES;
				CLANG_WARN_BLOCK_CAPTURE_AUTORELEASING = YES;
				CLANG_WARN_BOOL_CONVERSION = YES;
				CLANG_WARN_COMMA = YES;
				CLANG_WARN_CONSTANT_CONVERSION = YES;
				CLANG_WARN_DIRECT_OBJC_ISA_USAGE = YES_ERROR;
				CLANG_WARN_DOCUMENTATION_COMMENTS = YES;
				CLANG_WARN_EMPTY_BODY = YES;
				CLANG_WARN_ENUM_CONVERSION = YES;
				CLANG_WARN_INFINITE_RECURSION = YES;
				CLANG_WARN_INT_CONVERSION = YES;
				CLANG_WARN_NON_LITERAL_NULL_CONVERSION = YES;
				CLANG_WARN_OBJC_LITERAL_CONVERSION = YES;
				CLANG_WARN_OBJC_ROOT_CLASS = YES_ERROR;
				CLANG_WARN_RANGE_LOOP_ANALYSIS = YES;
				CLANG_WARN_STRICT_PROTOTYPES = YES;
				CLANG_WARN_SUSPICIOUS_MOVE = YES;
				CLANG_WARN_UNGUARDED_AVAILABILITY = YES_AGGRESSIVE;
				CLANG_WARN_UNREACHABLE_CODE = YES;
				CLANG_WARN__DUPLICATE_METHOD_MATCH = YES;
				CODE_SIGN_IDENTITY = "iPhone Developer";
				COPY_PHASE_STRIP = NO;
				DEBUG_INFORMATION_FORMAT = "dwarf-with-dsym";
				ENABLE_NS_ASSERTIONS = NO;
				ENABLE_STRICT_OBJC_MSGSEND = YES;
				GCC_C_LANGUAGE_STANDARD = gnu11;
				GCC_NO_COMMON_BLOCKS = YES;
				GCC_WARN_64_TO_32_BIT_CONVERSION = YES;
				GCC_WARN_ABOUT_RETURN_TYPE = YES_ERROR;
				GCC_WARN_UNDECLARED_SELECTOR = YES;
				GCC_WARN_UNINITIALIZED_AUTOS = YES_AGGRESSIVE;
				GCC_WARN_UNUSED_FUNCTION = YES;
				GCC_WARN_UNUSED_VARIABLE = YES;
				IPHONEOS_DEPLOYMENT_TARGET = 11.2;
				MTL_ENABLE_DEBUG_INFO = NO;
				SDKROOT = iphoneos;
				SWIFT_OPTIMIZATION_LEVEL = "-Owholemodule";
				VALIDATE_PRODUCT = YES;
			};
			name = Release;
		};
		50B9DE38200A4DA600583114 /* Debug */ = {
			isa = XCBuildConfiguration;
			buildSettings = {
				ASSETCATALOG_COMPILER_APPICON_NAME = AppIcon;
				CODE_SIGN_STYLE = Automatic;
				DEVELOPMENT_TEAM = NL97TS4Q9A;
				INFOPLIST_FILE = "$(SRCROOT)/AuthDemo/Info.plist";
				LD_RUNPATH_SEARCH_PATHS = "$(inherited) @executable_path/Frameworks";
				PRODUCT_BUNDLE_IDENTIFIER = com.pascalbraband.AuthDemo;
				PRODUCT_NAME = "$(TARGET_NAME)";
				SWIFT_VERSION = 4.0;
				TARGETED_DEVICE_FAMILY = "1,2";
			};
			name = Debug;
		};
		50B9DE39200A4DA600583114 /* Release */ = {
			isa = XCBuildConfiguration;
			buildSettings = {
				ASSETCATALOG_COMPILER_APPICON_NAME = AppIcon;
				CODE_SIGN_STYLE = Automatic;
				DEVELOPMENT_TEAM = NL97TS4Q9A;
				INFOPLIST_FILE = "$(SRCROOT)/AuthDemo/Info.plist";
				LD_RUNPATH_SEARCH_PATHS = "$(inherited) @executable_path/Frameworks";
				PRODUCT_BUNDLE_IDENTIFIER = com.pascalbraband.AuthDemo;
				PRODUCT_NAME = "$(TARGET_NAME)";
				SWIFT_VERSION = 4.0;
				TARGETED_DEVICE_FAMILY = "1,2";
			};
			name = Release;
		};
/* End XCBuildConfiguration section */

/* Begin XCConfigurationList section */
		50B9DE20200A4DA600583114 /* Build configuration list for PBXProject "AuthDemo" */ = {
			isa = XCConfigurationList;
			buildConfigurations = (
				50B9DE35200A4DA600583114 /* Debug */,
				50B9DE36200A4DA600583114 /* Release */,
			);
			defaultConfigurationIsVisible = 0;
			defaultConfigurationName = Release;
		};
		50B9DE37200A4DA600583114 /* Build configuration list for PBXNativeTarget "AuthDemo" */ = {
			isa = XCConfigurationList;
			buildConfigurations = (
				50B9DE38200A4DA600583114 /* Debug */,
				50B9DE39200A4DA600583114 /* Release */,
			);
			defaultConfigurationIsVisible = 0;
			defaultConfigurationName = Release;
		};
/* End XCConfigurationList section */
	};
	rootObject = 50B9DE1D200A4DA600583114 /* Project object */;
}
